// !$*UTF8*$!
{
	archiveVersion = 1;
	classes = {
	};
	objectVersion = 46;
	objects = {

/* Begin PBXBuildFile section */
		E62C30AD1433B360005985B8 /* PagerController.m in Sources */ = {isa = PBXBuildFile; fileRef = E62C30AC1433B360005985B8 /* PagerController.m */; };
		E62C30D31433C01B005985B8 /* WebViewController.m in Sources */ = {isa = PBXBuildFile; fileRef = E62C30D11433C01B005985B8 /* WebViewController.m */; };
		E62C30D41433C01B005985B8 /* WebViewController.xib in Resources */ = {isa = PBXBuildFile; fileRef = E62C30D21433C01B005985B8 /* WebViewController.xib */; };
		E62C9A641438868C001C2264 /* camera.png in Resources */ = {isa = PBXBuildFile; fileRef = E62C9A631438868C001C2264 /* camera.png */; };
		E674274E1436437500714C35 /* AVFoundation.framework in Frameworks */ = {isa = PBXBuildFile; fileRef = E674274D1436437500714C35 /* AVFoundation.framework */; };
		E67427501436437E00714C35 /* AudioToolbox.framework in Frameworks */ = {isa = PBXBuildFile; fileRef = E674274F1436437E00714C35 /* AudioToolbox.framework */; };
		E67427521436438B00714C35 /* CoreVideo.framework in Frameworks */ = {isa = PBXBuildFile; fileRef = E67427511436438B00714C35 /* CoreVideo.framework */; };
		E67427541436439800714C35 /* CoreMedia.framework in Frameworks */ = {isa = PBXBuildFile; fileRef = E67427531436439800714C35 /* CoreMedia.framework */; };
		E6742756143643A900714C35 /* libiconv.dylib in Frameworks */ = {isa = PBXBuildFile; fileRef = E6742755143643A900714C35 /* libiconv.dylib */; };
		E6742758143643B200714C35 /* AddressBook.framework in Frameworks */ = {isa = PBXBuildFile; fileRef = E6742757143643B200714C35 /* AddressBook.framework */; };
		E6868AFF1434E32400AE008D /* back-button.png in Resources */ = {isa = PBXBuildFile; fileRef = E6868AF71434E32400AE008D /* back-button.png */; };
		E6868B001434E32400AE008D /* check-bg.png in Resources */ = {isa = PBXBuildFile; fileRef = E6868AF81434E32400AE008D /* check-bg.png */; };
		E6868B011434E32400AE008D /* checked-bg.png in Resources */ = {isa = PBXBuildFile; fileRef = E6868AF91434E32400AE008D /* checked-bg.png */; };
		E6868B021434E32400AE008D /* checkother-button.png in Resources */ = {isa = PBXBuildFile; fileRef = E6868AFA1434E32400AE008D /* checkother-button.png */; };
		E6868B031434E32400AE008D /* fake-bg.png in Resources */ = {isa = PBXBuildFile; fileRef = E6868AFB1434E32400AE008D /* fake-bg.png */; };
		E6868B041434E32400AE008D /* info-button.png in Resources */ = {isa = PBXBuildFile; fileRef = E6868AFC1434E32400AE008D /* info-button.png */; };
		E6868B051434E32400AE008D /* infoscreen-bg.png in Resources */ = {isa = PBXBuildFile; fileRef = E6868AFD1434E32400AE008D /* infoscreen-bg.png */; };
		E6868B061434E32400AE008D /* rootscreen-bg.png in Resources */ = {isa = PBXBuildFile; fileRef = E6868AFE1434E32400AE008D /* rootscreen-bg.png */; };
		E6868B091434E8B200AE008D /* KeyboardAvoider.m in Sources */ = {isa = PBXBuildFile; fileRef = E6868B081434E8B200AE008D /* KeyboardAvoider.m */; };
		E6868B0C1434E92900AE008D /* UIApplication+Utils.m in Sources */ = {isa = PBXBuildFile; fileRef = E6868B0B1434E92900AE008D /* UIApplication+Utils.m */; };
		E6868B101434E9A400AE008D /* KontrafactCheckingController.m in Sources */ = {isa = PBXBuildFile; fileRef = E6868B0E1434E9A400AE008D /* KontrafactCheckingController.m */; };
		E69FC3D614325CF8001E8185 /* UIKit.framework in Frameworks */ = {isa = PBXBuildFile; fileRef = E69FC3D514325CF8001E8185 /* UIKit.framework */; };
		E69FC3D814325CF8001E8185 /* Foundation.framework in Frameworks */ = {isa = PBXBuildFile; fileRef = E69FC3D714325CF8001E8185 /* Foundation.framework */; };
		E69FC3DA14325CF8001E8185 /* CoreGraphics.framework in Frameworks */ = {isa = PBXBuildFile; fileRef = E69FC3D914325CF8001E8185 /* CoreGraphics.framework */; };
		E69FC3E014325CF8001E8185 /* InfoPlist.strings in Resources */ = {isa = PBXBuildFile; fileRef = E69FC3DE14325CF8001E8185 /* InfoPlist.strings */; };
		E69FC3E314325CF8001E8185 /* main.m in Sources */ = {isa = PBXBuildFile; fileRef = E69FC3E214325CF8001E8185 /* main.m */; };
		E69FC3E614325CF8001E8185 /* KontrafaktunetAppDelegate.m in Sources */ = {isa = PBXBuildFile; fileRef = E69FC3E514325CF8001E8185 /* KontrafaktunetAppDelegate.m */; };
		E69FC3E914325CF8001E8185 /* MainWindow.xib in Resources */ = {isa = PBXBuildFile; fileRef = E69FC3E714325CF8001E8185 /* MainWindow.xib */; };
		E69FC3EC14325CF8001E8185 /* RootViewController.mm in Sources */ = {isa = PBXBuildFile; fileRef = E69FC3EB14325CF8001E8185 /* RootViewController.mm */; };
		E69FC3EF14325CF8001E8185 /* RootViewController.xib in Resources */ = {isa = PBXBuildFile; fileRef = E69FC3ED14325CF8001E8185 /* RootViewController.xib */; };
		E69FC3F814325D27001E8185 /* Default.png in Resources */ = {isa = PBXBuildFile; fileRef = E69FC3F614325D27001E8185 /* Default.png */; };
		E69FC3FE1432630C001E8185 /* check-button.png in Resources */ = {isa = PBXBuildFile; fileRef = E69FC3FA1432630C001E8185 /* check-button.png */; };
		E69FC40514326783001E8185 /* checking-button.png in Resources */ = {isa = PBXBuildFile; fileRef = E69FC40414326783001E8185 /* checking-button.png */; };
		E69FC41414326B6E001E8185 /* NSError+REST.m in Sources */ = {isa = PBXBuildFile; fileRef = E69FC40C14326B6E001E8185 /* NSError+REST.m */; };
		E69FC41514326B6E001E8185 /* NSString+Web.m in Sources */ = {isa = PBXBuildFile; fileRef = E69FC40E14326B6E001E8185 /* NSString+Web.m */; };
		E69FC41614326B6E001E8185 /* RESTService.m in Sources */ = {isa = PBXBuildFile; fileRef = E69FC41014326B6E001E8185 /* RESTService.m */; };
		E69FC41714326B6E001E8185 /* WebParams.m in Sources */ = {isa = PBXBuildFile; fileRef = E69FC41214326B6E001E8185 /* WebParams.m */; };
		E69FC42014326CB0001E8185 /* NSObject+Utils.m in Sources */ = {isa = PBXBuildFile; fileRef = E69FC41F14326CB0001E8185 /* NSObject+Utils.m */; };
		E69FC42314326CBB001E8185 /* NSData+Base64.m in Sources */ = {isa = PBXBuildFile; fileRef = E69FC42214326CBB001E8185 /* NSData+Base64.m */; };
		E69FC42614326CCA001E8185 /* UIAlertView+Utils.m in Sources */ = {isa = PBXBuildFile; fileRef = E69FC42514326CCA001E8185 /* UIAlertView+Utils.m */; };
		E69FC42914326D35001E8185 /* FileUpload.m in Sources */ = {isa = PBXBuildFile; fileRef = E69FC42814326D35001E8185 /* FileUpload.m */; };
		E69FC44314326F3D001E8185 /* AsyncCallback.m in Sources */ = {isa = PBXBuildFile; fileRef = E69FC43314326F3D001E8185 /* AsyncCallback.m */; };
		E69FC44414326F3D001E8185 /* AsyncObject.m in Sources */ = {isa = PBXBuildFile; fileRef = E69FC43714326F3D001E8185 /* AsyncObject.m */; };
		E69FC44514326F3D001E8185 /* BlockingAsyncCallback.m in Sources */ = {isa = PBXBuildFile; fileRef = E69FC43914326F3D001E8185 /* BlockingAsyncCallback.m */; };
		E69FC44614326F3D001E8185 /* Callback.m in Sources */ = {isa = PBXBuildFile; fileRef = E69FC43B14326F3D001E8185 /* Callback.m */; };
		E69FC44714326F3D001E8185 /* CompositeBlockingView.m in Sources */ = {isa = PBXBuildFile; fileRef = E69FC43D14326F3D001E8185 /* CompositeBlockingView.m */; };
		E69FC44814326F3D001E8185 /* UIBlocker.m in Sources */ = {isa = PBXBuildFile; fileRef = E69FC43F14326F3D001E8185 /* UIBlocker.m */; };
		E69FC44914326F3D001E8185 /* UIBlockingAsyncObject.m in Sources */ = {isa = PBXBuildFile; fileRef = E69FC44114326F3D001E8185 /* UIBlockingAsyncObject.m */; };
		E69FC44C14327089001E8185 /* NSInvocation+Utils.m in Sources */ = {isa = PBXBuildFile; fileRef = E69FC44B14327089001E8185 /* NSInvocation+Utils.m */; };
		E69FC44F14327099001E8185 /* NSError+Utils.m in Sources */ = {isa = PBXBuildFile; fileRef = E69FC44E14327099001E8185 /* NSError+Utils.m */; };
		E69FC452143270A6001E8185 /* NSObject+Invocation.m in Sources */ = {isa = PBXBuildFile; fileRef = E69FC451143270A6001E8185 /* NSObject+Invocation.m */; };
		E69FC4551432742B001E8185 /* CGGeometry+Utils.m in Sources */ = {isa = PBXBuildFile; fileRef = E69FC4541432742B001E8185 /* CGGeometry+Utils.m */; };
		E69FC48114327D6F001E8185 /* CJSONDeserializer.m in Sources */ = {isa = PBXBuildFile; fileRef = E69FC47B14327D6F001E8185 /* CJSONDeserializer.m */; };
		E69FC48214327D6F001E8185 /* CJSONScanner.m in Sources */ = {isa = PBXBuildFile; fileRef = E69FC47D14327D6F001E8185 /* CJSONScanner.m */; };
		E69FC48314327D6F001E8185 /* CJSONSerializer.m in Sources */ = {isa = PBXBuildFile; fileRef = E69FC47F14327D6F001E8185 /* CJSONSerializer.m */; };
		E69FC48614327E01001E8185 /* CDataScanner.m in Sources */ = {isa = PBXBuildFile; fileRef = E69FC48514327E01001E8185 /* CDataScanner.m */; };
		E69FC48B14327E14001E8185 /* CDataScanner_Extensions.m in Sources */ = {isa = PBXBuildFile; fileRef = E69FC48814327E14001E8185 /* CDataScanner_Extensions.m */; };
		E69FC48C14327E14001E8185 /* NSDictionary_JSONExtensions.m in Sources */ = {isa = PBXBuildFile; fileRef = E69FC48A14327E14001E8185 /* NSDictionary_JSONExtensions.m */; };
		E69FC4C714339E9C001E8185 /* InfoController.m in Sources */ = {isa = PBXBuildFile; fileRef = E69FC4C514339E8F001E8185 /* InfoController.m */; };
		E69FC4C814339E9C001E8185 /* InfoController.xib in Resources */ = {isa = PBXBuildFile; fileRef = E69FC4C614339E90001E8185 /* InfoController.xib */; };
		E6BADD9C1438B72C002BEF0D /* libZXingWidget.a in Frameworks */ = {isa = PBXBuildFile; fileRef = E6BADD9B1438B72C002BEF0D /* libZXingWidget.a */; };
/* End PBXBuildFile section */

/* Begin PBXContainerItemProxy section */
		E6BADD951438B6DE002BEF0D /* PBXContainerItemProxy */ = {
			isa = PBXContainerItemProxy;
			containerPortal = E6BADD8D1438B6DD002BEF0D /* ZXingWidget.xcodeproj */;
			proxyType = 2;
			remoteGlobalIDString = D2AAC07E0554694100DB518D;
			remoteInfo = ZXingWidget;
		};
		E6BADD971438B6DE002BEF0D /* PBXContainerItemProxy */ = {
			isa = PBXContainerItemProxy;
			containerPortal = E6BADD8D1438B6DD002BEF0D /* ZXingWidget.xcodeproj */;
			proxyType = 2;
			remoteGlobalIDString = 1D60398D13DF7CAD006F4B51;
			remoteInfo = ZXingTests;
		};
		E6BADD991438B6E5002BEF0D /* PBXContainerItemProxy */ = {
			isa = PBXContainerItemProxy;
			containerPortal = E6BADD8D1438B6DD002BEF0D /* ZXingWidget.xcodeproj */;
			proxyType = 1;
			remoteGlobalIDString = D2AAC07D0554694100DB518D;
			remoteInfo = ZXingWidget;
		};
/* End PBXContainerItemProxy section */

/* Begin PBXFileReference section */
		E62C30AB1433B360005985B8 /* PagerController.h */ = {isa = PBXFileReference; fileEncoding = 4; lastKnownFileType = sourcecode.c.h; name = PagerController.h; path = "ecma-utils/Classes/PagerController.h"; sourceTree = "<group>"; };
		E62C30AC1433B360005985B8 /* PagerController.m */ = {isa = PBXFileReference; fileEncoding = 4; lastKnownFileType = sourcecode.c.objc; name = PagerController.m; path = "ecma-utils/Classes/PagerController.m"; sourceTree = "<group>"; };
		E62C30D01433C01B005985B8 /* WebViewController.h */ = {isa = PBXFileReference; fileEncoding = 4; lastKnownFileType = sourcecode.c.h; path = WebViewController.h; sourceTree = "<group>"; };
		E62C30D11433C01B005985B8 /* WebViewController.m */ = {isa = PBXFileReference; fileEncoding = 4; lastKnownFileType = sourcecode.c.objc; path = WebViewController.m; sourceTree = "<group>"; };
		E62C30D21433C01B005985B8 /* WebViewController.xib */ = {isa = PBXFileReference; fileEncoding = 4; lastKnownFileType = file.xib; path = WebViewController.xib; sourceTree = "<group>"; };
		E62C9A631438868C001C2264 /* camera.png */ = {isa = PBXFileReference; lastKnownFileType = image.png; path = camera.png; sourceTree = "<group>"; };
		E674274D1436437500714C35 /* AVFoundation.framework */ = {isa = PBXFileReference; lastKnownFileType = wrapper.framework; name = AVFoundation.framework; path = System/Library/Frameworks/AVFoundation.framework; sourceTree = SDKROOT; };
		E674274F1436437E00714C35 /* AudioToolbox.framework */ = {isa = PBXFileReference; lastKnownFileType = wrapper.framework; name = AudioToolbox.framework; path = System/Library/Frameworks/AudioToolbox.framework; sourceTree = SDKROOT; };
		E67427511436438B00714C35 /* CoreVideo.framework */ = {isa = PBXFileReference; lastKnownFileType = wrapper.framework; name = CoreVideo.framework; path = System/Library/Frameworks/CoreVideo.framework; sourceTree = SDKROOT; };
		E67427531436439800714C35 /* CoreMedia.framework */ = {isa = PBXFileReference; lastKnownFileType = wrapper.framework; name = CoreMedia.framework; path = System/Library/Frameworks/CoreMedia.framework; sourceTree = SDKROOT; };
		E6742755143643A900714C35 /* libiconv.dylib */ = {isa = PBXFileReference; lastKnownFileType = "compiled.mach-o.dylib"; name = libiconv.dylib; path = usr/lib/libiconv.dylib; sourceTree = SDKROOT; };
		E6742757143643B200714C35 /* AddressBook.framework */ = {isa = PBXFileReference; lastKnownFileType = wrapper.framework; name = AddressBook.framework; path = System/Library/Frameworks/AddressBook.framework; sourceTree = SDKROOT; };
		E6868AF71434E32400AE008D /* back-button.png */ = {isa = PBXFileReference; lastKnownFileType = image.png; path = "back-button.png"; sourceTree = "<group>"; };
		E6868AF81434E32400AE008D /* check-bg.png */ = {isa = PBXFileReference; lastKnownFileType = image.png; path = "check-bg.png"; sourceTree = "<group>"; };
		E6868AF91434E32400AE008D /* checked-bg.png */ = {isa = PBXFileReference; lastKnownFileType = image.png; path = "checked-bg.png"; sourceTree = "<group>"; };
		E6868AFA1434E32400AE008D /* checkother-button.png */ = {isa = PBXFileReference; lastKnownFileType = image.png; path = "checkother-button.png"; sourceTree = "<group>"; };
		E6868AFB1434E32400AE008D /* fake-bg.png */ = {isa = PBXFileReference; lastKnownFileType = image.png; path = "fake-bg.png"; sourceTree = "<group>"; };
		E6868AFC1434E32400AE008D /* info-button.png */ = {isa = PBXFileReference; lastKnownFileType = image.png; path = "info-button.png"; sourceTree = "<group>"; };
		E6868AFD1434E32400AE008D /* infoscreen-bg.png */ = {isa = PBXFileReference; lastKnownFileType = image.png; path = "infoscreen-bg.png"; sourceTree = "<group>"; };
		E6868AFE1434E32400AE008D /* rootscreen-bg.png */ = {isa = PBXFileReference; lastKnownFileType = image.png; path = "rootscreen-bg.png"; sourceTree = "<group>"; };
		E6868B071434E8B200AE008D /* KeyboardAvoider.h */ = {isa = PBXFileReference; fileEncoding = 4; lastKnownFileType = sourcecode.c.h; name = KeyboardAvoider.h; path = "ecma-utils/Classes/Forms/KeyboardAvoider.h"; sourceTree = "<group>"; };
		E6868B081434E8B200AE008D /* KeyboardAvoider.m */ = {isa = PBXFileReference; fileEncoding = 4; lastKnownFileType = sourcecode.c.objc; name = KeyboardAvoider.m; path = "ecma-utils/Classes/Forms/KeyboardAvoider.m"; sourceTree = "<group>"; };
		E6868B0A1434E92900AE008D /* UIApplication+Utils.h */ = {isa = PBXFileReference; fileEncoding = 4; lastKnownFileType = sourcecode.c.h; name = "UIApplication+Utils.h"; path = "ecma-utils/Classes/UIApplication+Utils.h"; sourceTree = "<group>"; };
		E6868B0B1434E92900AE008D /* UIApplication+Utils.m */ = {isa = PBXFileReference; fileEncoding = 4; lastKnownFileType = sourcecode.c.objc; name = "UIApplication+Utils.m"; path = "ecma-utils/Classes/UIApplication+Utils.m"; sourceTree = "<group>"; };
		E6868B0D1434E9A400AE008D /* KontrafactCheckingController.h */ = {isa = PBXFileReference; fileEncoding = 4; lastKnownFileType = sourcecode.c.h; path = KontrafactCheckingController.h; sourceTree = "<group>"; };
		E6868B0E1434E9A400AE008D /* KontrafactCheckingController.m */ = {isa = PBXFileReference; fileEncoding = 4; lastKnownFileType = sourcecode.c.objc; path = KontrafactCheckingController.m; sourceTree = "<group>"; };
		E69FC3D114325CF8001E8185 /* Kontrafaktunet.app */ = {isa = PBXFileReference; explicitFileType = wrapper.application; includeInIndex = 0; path = Kontrafaktunet.app; sourceTree = BUILT_PRODUCTS_DIR; };
		E69FC3D514325CF8001E8185 /* UIKit.framework */ = {isa = PBXFileReference; lastKnownFileType = wrapper.framework; name = UIKit.framework; path = System/Library/Frameworks/UIKit.framework; sourceTree = SDKROOT; };
		E69FC3D714325CF8001E8185 /* Foundation.framework */ = {isa = PBXFileReference; lastKnownFileType = wrapper.framework; name = Foundation.framework; path = System/Library/Frameworks/Foundation.framework; sourceTree = SDKROOT; };
		E69FC3D914325CF8001E8185 /* CoreGraphics.framework */ = {isa = PBXFileReference; lastKnownFileType = wrapper.framework; name = CoreGraphics.framework; path = System/Library/Frameworks/CoreGraphics.framework; sourceTree = SDKROOT; };
		E69FC3DD14325CF8001E8185 /* Kontrafaktunet-Info.plist */ = {isa = PBXFileReference; lastKnownFileType = text.plist.xml; path = "Kontrafaktunet-Info.plist"; sourceTree = "<group>"; };
		E69FC3DF14325CF8001E8185 /* en */ = {isa = PBXFileReference; lastKnownFileType = text.plist.strings; name = en; path = en.lproj/InfoPlist.strings; sourceTree = "<group>"; };
		E69FC3E114325CF8001E8185 /* Kontrafaktunet-Prefix.pch */ = {isa = PBXFileReference; lastKnownFileType = sourcecode.c.h; path = "Kontrafaktunet-Prefix.pch"; sourceTree = "<group>"; };
		E69FC3E214325CF8001E8185 /* main.m */ = {isa = PBXFileReference; lastKnownFileType = sourcecode.c.objc; path = main.m; sourceTree = "<group>"; };
		E69FC3E414325CF8001E8185 /* KontrafaktunetAppDelegate.h */ = {isa = PBXFileReference; lastKnownFileType = sourcecode.c.h; path = KontrafaktunetAppDelegate.h; sourceTree = "<group>"; };
		E69FC3E514325CF8001E8185 /* KontrafaktunetAppDelegate.m */ = {isa = PBXFileReference; lastKnownFileType = sourcecode.c.objc; path = KontrafaktunetAppDelegate.m; sourceTree = "<group>"; };
		E69FC3E814325CF8001E8185 /* en */ = {isa = PBXFileReference; lastKnownFileType = file.xib; name = en; path = en.lproj/MainWindow.xib; sourceTree = "<group>"; };
		E69FC3EA14325CF8001E8185 /* RootViewController.h */ = {isa = PBXFileReference; lastKnownFileType = sourcecode.c.h; path = RootViewController.h; sourceTree = "<group>"; };
		E69FC3EB14325CF8001E8185 /* RootViewController.mm */ = {isa = PBXFileReference; lastKnownFileType = sourcecode.cpp.objcpp; path = RootViewController.mm; sourceTree = "<group>"; };
		E69FC3EE14325CF8001E8185 /* en */ = {isa = PBXFileReference; lastKnownFileType = file.xib; name = en; path = en.lproj/RootViewController.xib; sourceTree = "<group>"; };
		E69FC3F614325D27001E8185 /* Default.png */ = {isa = PBXFileReference; lastKnownFileType = image.png; path = Default.png; sourceTree = "<group>"; };
		E69FC3FA1432630C001E8185 /* check-button.png */ = {isa = PBXFileReference; lastKnownFileType = image.png; path = "check-button.png"; sourceTree = "<group>"; };
		E69FC40414326783001E8185 /* checking-button.png */ = {isa = PBXFileReference; lastKnownFileType = image.png; path = "checking-button.png"; sourceTree = "<group>"; };
		E69FC40B14326B6E001E8185 /* NSError+REST.h */ = {isa = PBXFileReference; fileEncoding = 4; lastKnownFileType = sourcecode.c.h; path = "NSError+REST.h"; sourceTree = "<group>"; };
		E69FC40C14326B6E001E8185 /* NSError+REST.m */ = {isa = PBXFileReference; fileEncoding = 4; lastKnownFileType = sourcecode.c.objc; path = "NSError+REST.m"; sourceTree = "<group>"; };
		E69FC40D14326B6E001E8185 /* NSString+Web.h */ = {isa = PBXFileReference; fileEncoding = 4; lastKnownFileType = sourcecode.c.h; path = "NSString+Web.h"; sourceTree = "<group>"; };
		E69FC40E14326B6E001E8185 /* NSString+Web.m */ = {isa = PBXFileReference; fileEncoding = 4; lastKnownFileType = sourcecode.c.objc; path = "NSString+Web.m"; sourceTree = "<group>"; };
		E69FC40F14326B6E001E8185 /* RESTService.h */ = {isa = PBXFileReference; fileEncoding = 4; lastKnownFileType = sourcecode.c.h; path = RESTService.h; sourceTree = "<group>"; };
		E69FC41014326B6E001E8185 /* RESTService.m */ = {isa = PBXFileReference; fileEncoding = 4; lastKnownFileType = sourcecode.c.objc; path = RESTService.m; sourceTree = "<group>"; };
		E69FC41114326B6E001E8185 /* WebParams.h */ = {isa = PBXFileReference; fileEncoding = 4; lastKnownFileType = sourcecode.c.h; path = WebParams.h; sourceTree = "<group>"; };
		E69FC41214326B6E001E8185 /* WebParams.m */ = {isa = PBXFileReference; fileEncoding = 4; lastKnownFileType = sourcecode.c.objc; path = WebParams.m; sourceTree = "<group>"; };
		E69FC41E14326CB0001E8185 /* NSObject+Utils.h */ = {isa = PBXFileReference; fileEncoding = 4; lastKnownFileType = sourcecode.c.h; name = "NSObject+Utils.h"; path = "ecma-utils/Classes/NSObject+Utils.h"; sourceTree = "<group>"; };
		E69FC41F14326CB0001E8185 /* NSObject+Utils.m */ = {isa = PBXFileReference; fileEncoding = 4; lastKnownFileType = sourcecode.c.objc; name = "NSObject+Utils.m"; path = "ecma-utils/Classes/NSObject+Utils.m"; sourceTree = "<group>"; };
		E69FC42114326CBB001E8185 /* NSData+Base64.h */ = {isa = PBXFileReference; fileEncoding = 4; lastKnownFileType = sourcecode.c.h; name = "NSData+Base64.h"; path = "ecma-utils/Classes/NSData+Base64.h"; sourceTree = "<group>"; };
		E69FC42214326CBB001E8185 /* NSData+Base64.m */ = {isa = PBXFileReference; fileEncoding = 4; lastKnownFileType = sourcecode.c.objc; name = "NSData+Base64.m"; path = "ecma-utils/Classes/NSData+Base64.m"; sourceTree = "<group>"; };
		E69FC42414326CCA001E8185 /* UIAlertView+Utils.h */ = {isa = PBXFileReference; fileEncoding = 4; lastKnownFileType = sourcecode.c.h; name = "UIAlertView+Utils.h"; path = "ecma-utils/Classes/UIAlertView+Utils.h"; sourceTree = "<group>"; };
		E69FC42514326CCA001E8185 /* UIAlertView+Utils.m */ = {isa = PBXFileReference; fileEncoding = 4; lastKnownFileType = sourcecode.c.objc; name = "UIAlertView+Utils.m"; path = "ecma-utils/Classes/UIAlertView+Utils.m"; sourceTree = "<group>"; };
		E69FC42714326D35001E8185 /* FileUpload.h */ = {isa = PBXFileReference; fileEncoding = 4; lastKnownFileType = sourcecode.c.h; path = FileUpload.h; sourceTree = "<group>"; };
		E69FC42814326D35001E8185 /* FileUpload.m */ = {isa = PBXFileReference; fileEncoding = 4; lastKnownFileType = sourcecode.c.objc; path = FileUpload.m; sourceTree = "<group>"; };
		E69FC43114326F3D001E8185 /* Async.h */ = {isa = PBXFileReference; fileEncoding = 4; lastKnownFileType = sourcecode.c.h; path = Async.h; sourceTree = "<group>"; };
		E69FC43214326F3D001E8185 /* AsyncCallback.h */ = {isa = PBXFileReference; fileEncoding = 4; lastKnownFileType = sourcecode.c.h; path = AsyncCallback.h; sourceTree = "<group>"; };
		E69FC43314326F3D001E8185 /* AsyncCallback.m */ = {isa = PBXFileReference; fileEncoding = 4; lastKnownFileType = sourcecode.c.objc; path = AsyncCallback.m; sourceTree = "<group>"; };
		E69FC43414326F3D001E8185 /* AsyncCallbackProtocol.h */ = {isa = PBXFileReference; fileEncoding = 4; lastKnownFileType = sourcecode.c.h; path = AsyncCallbackProtocol.h; sourceTree = "<group>"; };
		E69FC43514326F3D001E8185 /* AsyncInvocation.h */ = {isa = PBXFileReference; fileEncoding = 4; lastKnownFileType = sourcecode.c.h; path = AsyncInvocation.h; sourceTree = "<group>"; };
		E69FC43614326F3D001E8185 /* AsyncObject.h */ = {isa = PBXFileReference; fileEncoding = 4; lastKnownFileType = sourcecode.c.h; path = AsyncObject.h; sourceTree = "<group>"; };
		E69FC43714326F3D001E8185 /* AsyncObject.m */ = {isa = PBXFileReference; fileEncoding = 4; lastKnownFileType = sourcecode.c.objc; path = AsyncObject.m; sourceTree = "<group>"; };
		E69FC43814326F3D001E8185 /* BlockingAsyncCallback.h */ = {isa = PBXFileReference; fileEncoding = 4; lastKnownFileType = sourcecode.c.h; path = BlockingAsyncCallback.h; sourceTree = "<group>"; };
		E69FC43914326F3D001E8185 /* BlockingAsyncCallback.m */ = {isa = PBXFileReference; fileEncoding = 4; lastKnownFileType = sourcecode.c.objc; path = BlockingAsyncCallback.m; sourceTree = "<group>"; };
		E69FC43A14326F3D001E8185 /* Callback.h */ = {isa = PBXFileReference; fileEncoding = 4; lastKnownFileType = sourcecode.c.h; path = Callback.h; sourceTree = "<group>"; };
		E69FC43B14326F3D001E8185 /* Callback.m */ = {isa = PBXFileReference; fileEncoding = 4; lastKnownFileType = sourcecode.c.objc; path = Callback.m; sourceTree = "<group>"; };
		E69FC43C14326F3D001E8185 /* CompositeBlockingView.h */ = {isa = PBXFileReference; fileEncoding = 4; lastKnownFileType = sourcecode.c.h; path = CompositeBlockingView.h; sourceTree = "<group>"; };
		E69FC43D14326F3D001E8185 /* CompositeBlockingView.m */ = {isa = PBXFileReference; fileEncoding = 4; lastKnownFileType = sourcecode.c.objc; path = CompositeBlockingView.m; sourceTree = "<group>"; };
		E69FC43E14326F3D001E8185 /* UIBlocker.h */ = {isa = PBXFileReference; fileEncoding = 4; lastKnownFileType = sourcecode.c.h; path = UIBlocker.h; sourceTree = "<group>"; };
		E69FC43F14326F3D001E8185 /* UIBlocker.m */ = {isa = PBXFileReference; fileEncoding = 4; lastKnownFileType = sourcecode.c.objc; path = UIBlocker.m; sourceTree = "<group>"; };
		E69FC44014326F3D001E8185 /* UIBlockingAsyncObject.h */ = {isa = PBXFileReference; fileEncoding = 4; lastKnownFileType = sourcecode.c.h; path = UIBlockingAsyncObject.h; sourceTree = "<group>"; };
		E69FC44114326F3D001E8185 /* UIBlockingAsyncObject.m */ = {isa = PBXFileReference; fileEncoding = 4; lastKnownFileType = sourcecode.c.objc; path = UIBlockingAsyncObject.m; sourceTree = "<group>"; };
		E69FC44214326F3D001E8185 /* UIBlockingView.h */ = {isa = PBXFileReference; fileEncoding = 4; lastKnownFileType = sourcecode.c.h; path = UIBlockingView.h; sourceTree = "<group>"; };
		E69FC44A14327089001E8185 /* NSInvocation+Utils.h */ = {isa = PBXFileReference; fileEncoding = 4; lastKnownFileType = sourcecode.c.h; name = "NSInvocation+Utils.h"; path = "ecma-utils/Classes/NSInvocation+Utils.h"; sourceTree = "<group>"; };
		E69FC44B14327089001E8185 /* NSInvocation+Utils.m */ = {isa = PBXFileReference; fileEncoding = 4; lastKnownFileType = sourcecode.c.objc; name = "NSInvocation+Utils.m"; path = "ecma-utils/Classes/NSInvocation+Utils.m"; sourceTree = "<group>"; };
		E69FC44D14327099001E8185 /* NSError+Utils.h */ = {isa = PBXFileReference; fileEncoding = 4; lastKnownFileType = sourcecode.c.h; name = "NSError+Utils.h"; path = "ecma-utils/Classes/NSError+Utils.h"; sourceTree = "<group>"; };
		E69FC44E14327099001E8185 /* NSError+Utils.m */ = {isa = PBXFileReference; fileEncoding = 4; lastKnownFileType = sourcecode.c.objc; name = "NSError+Utils.m"; path = "ecma-utils/Classes/NSError+Utils.m"; sourceTree = "<group>"; };
		E69FC450143270A6001E8185 /* NSObject+Invocation.h */ = {isa = PBXFileReference; fileEncoding = 4; lastKnownFileType = sourcecode.c.h; name = "NSObject+Invocation.h"; path = "ecma-utils/Classes/NSObject+Invocation.h"; sourceTree = "<group>"; };
		E69FC451143270A6001E8185 /* NSObject+Invocation.m */ = {isa = PBXFileReference; fileEncoding = 4; lastKnownFileType = sourcecode.c.objc; name = "NSObject+Invocation.m"; path = "ecma-utils/Classes/NSObject+Invocation.m"; sourceTree = "<group>"; };
		E69FC4531432742B001E8185 /* CGGeometry+Utils.h */ = {isa = PBXFileReference; fileEncoding = 4; lastKnownFileType = sourcecode.c.h; name = "CGGeometry+Utils.h"; path = "ecma-utils/Classes/CGGeometry+Utils.h"; sourceTree = "<group>"; };
		E69FC4541432742B001E8185 /* CGGeometry+Utils.m */ = {isa = PBXFileReference; fileEncoding = 4; lastKnownFileType = sourcecode.c.objc; name = "CGGeometry+Utils.m"; path = "ecma-utils/Classes/CGGeometry+Utils.m"; sourceTree = "<group>"; };
		E69FC47A14327D6F001E8185 /* CJSONDeserializer.h */ = {isa = PBXFileReference; fileEncoding = 4; lastKnownFileType = sourcecode.c.h; name = CJSONDeserializer.h; path = json/Source/JSON/CJSONDeserializer.h; sourceTree = "<group>"; };
		E69FC47B14327D6F001E8185 /* CJSONDeserializer.m */ = {isa = PBXFileReference; fileEncoding = 4; lastKnownFileType = sourcecode.c.objc; name = CJSONDeserializer.m; path = json/Source/JSON/CJSONDeserializer.m; sourceTree = "<group>"; };
		E69FC47C14327D6F001E8185 /* CJSONScanner.h */ = {isa = PBXFileReference; fileEncoding = 4; lastKnownFileType = sourcecode.c.h; name = CJSONScanner.h; path = json/Source/JSON/CJSONScanner.h; sourceTree = "<group>"; };
		E69FC47D14327D6F001E8185 /* CJSONScanner.m */ = {isa = PBXFileReference; fileEncoding = 4; lastKnownFileType = sourcecode.c.objc; name = CJSONScanner.m; path = json/Source/JSON/CJSONScanner.m; sourceTree = "<group>"; };
		E69FC47E14327D6F001E8185 /* CJSONSerializer.h */ = {isa = PBXFileReference; fileEncoding = 4; lastKnownFileType = sourcecode.c.h; name = CJSONSerializer.h; path = json/Source/JSON/CJSONSerializer.h; sourceTree = "<group>"; };
		E69FC47F14327D6F001E8185 /* CJSONSerializer.m */ = {isa = PBXFileReference; fileEncoding = 4; lastKnownFileType = sourcecode.c.objc; name = CJSONSerializer.m; path = json/Source/JSON/CJSONSerializer.m; sourceTree = "<group>"; };
		E69FC48014327D6F001E8185 /* JSONRepresentation.h */ = {isa = PBXFileReference; fileEncoding = 4; lastKnownFileType = sourcecode.c.h; name = JSONRepresentation.h; path = json/Source/JSON/JSONRepresentation.h; sourceTree = "<group>"; };
		E69FC48414327E01001E8185 /* CDataScanner.h */ = {isa = PBXFileReference; fileEncoding = 4; lastKnownFileType = sourcecode.c.h; name = CDataScanner.h; path = json/Source/CDataScanner.h; sourceTree = "<group>"; };
		E69FC48514327E01001E8185 /* CDataScanner.m */ = {isa = PBXFileReference; fileEncoding = 4; lastKnownFileType = sourcecode.c.objc; name = CDataScanner.m; path = json/Source/CDataScanner.m; sourceTree = "<group>"; };
		E69FC48714327E14001E8185 /* CDataScanner_Extensions.h */ = {isa = PBXFileReference; fileEncoding = 4; lastKnownFileType = sourcecode.c.h; name = CDataScanner_Extensions.h; path = json/Source/Extensions/CDataScanner_Extensions.h; sourceTree = "<group>"; };
		E69FC48814327E14001E8185 /* CDataScanner_Extensions.m */ = {isa = PBXFileReference; fileEncoding = 4; lastKnownFileType = sourcecode.c.objc; name = CDataScanner_Extensions.m; path = json/Source/Extensions/CDataScanner_Extensions.m; sourceTree = "<group>"; };
		E69FC48914327E14001E8185 /* NSDictionary_JSONExtensions.h */ = {isa = PBXFileReference; fileEncoding = 4; lastKnownFileType = sourcecode.c.h; name = NSDictionary_JSONExtensions.h; path = json/Source/Extensions/NSDictionary_JSONExtensions.h; sourceTree = "<group>"; };
		E69FC48A14327E14001E8185 /* NSDictionary_JSONExtensions.m */ = {isa = PBXFileReference; fileEncoding = 4; lastKnownFileType = sourcecode.c.objc; name = NSDictionary_JSONExtensions.m; path = json/Source/Extensions/NSDictionary_JSONExtensions.m; sourceTree = "<group>"; };
		E69FC4C414339E8F001E8185 /* InfoController.h */ = {isa = PBXFileReference; fileEncoding = 4; lastKnownFileType = sourcecode.c.h; path = InfoController.h; sourceTree = "<group>"; };
		E69FC4C514339E8F001E8185 /* InfoController.m */ = {isa = PBXFileReference; fileEncoding = 4; lastKnownFileType = sourcecode.c.objc; path = InfoController.m; sourceTree = "<group>"; };
		E69FC4C614339E90001E8185 /* InfoController.xib */ = {isa = PBXFileReference; fileEncoding = 4; lastKnownFileType = file.xib; path = InfoController.xib; sourceTree = "<group>"; };
		E6BADD8D1438B6DD002BEF0D /* ZXingWidget.xcodeproj */ = {isa = PBXFileReference; lastKnownFileType = "wrapper.pb-project"; name = ZXingWidget.xcodeproj; path = zxing/iphone/ZXingWidget/ZXingWidget.xcodeproj; sourceTree = "<group>"; };
		E6BADD9B1438B72C002BEF0D /* libZXingWidget.a */ = {isa = PBXFileReference; explicitFileType = archive.ar; path = libZXingWidget.a; sourceTree = BUILT_PRODUCTS_DIR; };
/* End PBXFileReference section */

/* Begin PBXFrameworksBuildPhase section */
		E69FC3CE14325CF8001E8185 /* Frameworks */ = {
			isa = PBXFrameworksBuildPhase;
			buildActionMask = 2147483647;
			files = (
				E6BADD9C1438B72C002BEF0D /* libZXingWidget.a in Frameworks */,
				E6742758143643B200714C35 /* AddressBook.framework in Frameworks */,
				E6742756143643A900714C35 /* libiconv.dylib in Frameworks */,
				E67427541436439800714C35 /* CoreMedia.framework in Frameworks */,
				E67427521436438B00714C35 /* CoreVideo.framework in Frameworks */,
				E67427501436437E00714C35 /* AudioToolbox.framework in Frameworks */,
				E674274E1436437500714C35 /* AVFoundation.framework in Frameworks */,
				E69FC3D614325CF8001E8185 /* UIKit.framework in Frameworks */,
				E69FC3D814325CF8001E8185 /* Foundation.framework in Frameworks */,
				E69FC3DA14325CF8001E8185 /* CoreGraphics.framework in Frameworks */,
			);
			runOnlyForDeploymentPostprocessing = 0;
		};
/* End PBXFrameworksBuildPhase section */

/* Begin PBXGroup section */
		E69FC3C614325CF8001E8185 = {
			isa = PBXGroup;
			children = (
				E6BADD9B1438B72C002BEF0D /* libZXingWidget.a */,
				E6BADD8D1438B6DD002BEF0D /* ZXingWidget.xcodeproj */,
				E69FC3DB14325CF8001E8185 /* Kontrafaktunet */,
				E69FC3F514325D11001E8185 /* Resources */,
				E69FC40614326B28001E8185 /* Other Sources */,
				E69FC3D414325CF8001E8185 /* Frameworks */,
				E69FC3D214325CF8001E8185 /* Products */,
			);
			sourceTree = "<group>";
		};
		E69FC3D214325CF8001E8185 /* Products */ = {
			isa = PBXGroup;
			children = (
				E69FC3D114325CF8001E8185 /* Kontrafaktunet.app */,
			);
			name = Products;
			sourceTree = "<group>";
		};
		E69FC3D414325CF8001E8185 /* Frameworks */ = {
			isa = PBXGroup;
			children = (
				E6742757143643B200714C35 /* AddressBook.framework */,
				E6742755143643A900714C35 /* libiconv.dylib */,
				E67427531436439800714C35 /* CoreMedia.framework */,
				E67427511436438B00714C35 /* CoreVideo.framework */,
				E674274F1436437E00714C35 /* AudioToolbox.framework */,
				E674274D1436437500714C35 /* AVFoundation.framework */,
				E69FC3D514325CF8001E8185 /* UIKit.framework */,
				E69FC3D714325CF8001E8185 /* Foundation.framework */,
				E69FC3D914325CF8001E8185 /* CoreGraphics.framework */,
			);
			name = Frameworks;
			sourceTree = "<group>";
		};
		E69FC3DB14325CF8001E8185 /* Kontrafaktunet */ = {
			isa = PBXGroup;
			children = (
				E69FC3E414325CF8001E8185 /* KontrafaktunetAppDelegate.h */,
				E69FC3E514325CF8001E8185 /* KontrafaktunetAppDelegate.m */,
				E69FC3E714325CF8001E8185 /* MainWindow.xib */,
				E69FC3EA14325CF8001E8185 /* RootViewController.h */,
				E69FC3EB14325CF8001E8185 /* RootViewController.mm */,
				E69FC3ED14325CF8001E8185 /* RootViewController.xib */,
				E6868B0D1434E9A400AE008D /* KontrafactCheckingController.h */,
				E6868B0E1434E9A400AE008D /* KontrafactCheckingController.m */,
				E69FC4C414339E8F001E8185 /* InfoController.h */,
				E69FC4C514339E8F001E8185 /* InfoController.m */,
				E69FC4C614339E90001E8185 /* InfoController.xib */,
				E62C30D01433C01B005985B8 /* WebViewController.h */,
				E62C30D11433C01B005985B8 /* WebViewController.m */,
				E62C30D21433C01B005985B8 /* WebViewController.xib */,
				E69FC3DC14325CF8001E8185 /* Supporting Files */,
			);
			path = Kontrafaktunet;
			sourceTree = "<group>";
		};
		E69FC3DC14325CF8001E8185 /* Supporting Files */ = {
			isa = PBXGroup;
			children = (
				E69FC3DD14325CF8001E8185 /* Kontrafaktunet-Info.plist */,
				E69FC3DE14325CF8001E8185 /* InfoPlist.strings */,
				E69FC3E114325CF8001E8185 /* Kontrafaktunet-Prefix.pch */,
				E69FC3E214325CF8001E8185 /* main.m */,
			);
			name = "Supporting Files";
			sourceTree = "<group>";
		};
		E69FC3F514325D11001E8185 /* Resources */ = {
			isa = PBXGroup;
			children = (
				E62C9A631438868C001C2264 /* camera.png */,
				E6868AF71434E32400AE008D /* back-button.png */,
				E6868AF81434E32400AE008D /* check-bg.png */,
				E6868AF91434E32400AE008D /* checked-bg.png */,
				E6868AFA1434E32400AE008D /* checkother-button.png */,
				E6868AFB1434E32400AE008D /* fake-bg.png */,
				E6868AFC1434E32400AE008D /* info-button.png */,
				E6868AFD1434E32400AE008D /* infoscreen-bg.png */,
				E6868AFE1434E32400AE008D /* rootscreen-bg.png */,
				E69FC40414326783001E8185 /* checking-button.png */,
				E69FC3FA1432630C001E8185 /* check-button.png */,
				E69FC3F614325D27001E8185 /* Default.png */,
			);
			name = Resources;
			sourceTree = "<group>";
		};
		E69FC40614326B28001E8185 /* Other Sources */ = {
			isa = PBXGroup;
			children = (
				E69FC47914327D5A001E8185 /* json */,
				E69FC47814327D2F001E8185 /* utils */,
			);
			name = "Other Sources";
			sourceTree = "<group>";
		};
		E69FC40814326B6E001E8185 /* Web */ = {
			isa = PBXGroup;
			children = (
				E69FC42714326D35001E8185 /* FileUpload.h */,
				E69FC42814326D35001E8185 /* FileUpload.m */,
				E69FC40B14326B6E001E8185 /* NSError+REST.h */,
				E69FC40C14326B6E001E8185 /* NSError+REST.m */,
				E69FC40D14326B6E001E8185 /* NSString+Web.h */,
				E69FC40E14326B6E001E8185 /* NSString+Web.m */,
				E69FC40F14326B6E001E8185 /* RESTService.h */,
				E69FC41014326B6E001E8185 /* RESTService.m */,
				E69FC41114326B6E001E8185 /* WebParams.h */,
				E69FC41214326B6E001E8185 /* WebParams.m */,
			);
			name = Web;
			path = "ecma-utils/Classes/Web";
			sourceTree = "<group>";
		};
		E69FC43014326F3D001E8185 /* Async */ = {
			isa = PBXGroup;
			children = (
				E69FC43114326F3D001E8185 /* Async.h */,
				E69FC43214326F3D001E8185 /* AsyncCallback.h */,
				E69FC43314326F3D001E8185 /* AsyncCallback.m */,
				E69FC43414326F3D001E8185 /* AsyncCallbackProtocol.h */,
				E69FC43514326F3D001E8185 /* AsyncInvocation.h */,
				E69FC43614326F3D001E8185 /* AsyncObject.h */,
				E69FC43714326F3D001E8185 /* AsyncObject.m */,
				E69FC43814326F3D001E8185 /* BlockingAsyncCallback.h */,
				E69FC43914326F3D001E8185 /* BlockingAsyncCallback.m */,
				E69FC43A14326F3D001E8185 /* Callback.h */,
				E69FC43B14326F3D001E8185 /* Callback.m */,
				E69FC43C14326F3D001E8185 /* CompositeBlockingView.h */,
				E69FC43D14326F3D001E8185 /* CompositeBlockingView.m */,
				E69FC43E14326F3D001E8185 /* UIBlocker.h */,
				E69FC43F14326F3D001E8185 /* UIBlocker.m */,
				E69FC44014326F3D001E8185 /* UIBlockingAsyncObject.h */,
				E69FC44114326F3D001E8185 /* UIBlockingAsyncObject.m */,
				E69FC44214326F3D001E8185 /* UIBlockingView.h */,
			);
			name = Async;
			path = "ecma-utils/Classes/Async";
			sourceTree = "<group>";
		};
		E69FC47814327D2F001E8185 /* utils */ = {
			isa = PBXGroup;
			children = (
				E6868B0A1434E92900AE008D /* UIApplication+Utils.h */,
				E6868B0B1434E92900AE008D /* UIApplication+Utils.m */,
				E6868B071434E8B200AE008D /* KeyboardAvoider.h */,
				E6868B081434E8B200AE008D /* KeyboardAvoider.m */,
				E62C30AB1433B360005985B8 /* PagerController.h */,
				E62C30AC1433B360005985B8 /* PagerController.m */,
				E69FC4531432742B001E8185 /* CGGeometry+Utils.h */,
				E69FC4541432742B001E8185 /* CGGeometry+Utils.m */,
				E69FC450143270A6001E8185 /* NSObject+Invocation.h */,
				E69FC451143270A6001E8185 /* NSObject+Invocation.m */,
				E69FC44D14327099001E8185 /* NSError+Utils.h */,
				E69FC44E14327099001E8185 /* NSError+Utils.m */,
				E69FC44A14327089001E8185 /* NSInvocation+Utils.h */,
				E69FC44B14327089001E8185 /* NSInvocation+Utils.m */,
				E69FC43014326F3D001E8185 /* Async */,
				E69FC42414326CCA001E8185 /* UIAlertView+Utils.h */,
				E69FC42514326CCA001E8185 /* UIAlertView+Utils.m */,
				E69FC42114326CBB001E8185 /* NSData+Base64.h */,
				E69FC42214326CBB001E8185 /* NSData+Base64.m */,
				E69FC41E14326CB0001E8185 /* NSObject+Utils.h */,
				E69FC41F14326CB0001E8185 /* NSObject+Utils.m */,
				E69FC40814326B6E001E8185 /* Web */,
			);
			name = utils;
			sourceTree = "<group>";
		};
		E69FC47914327D5A001E8185 /* json */ = {
			isa = PBXGroup;
			children = (
				E69FC48714327E14001E8185 /* CDataScanner_Extensions.h */,
				E69FC48814327E14001E8185 /* CDataScanner_Extensions.m */,
				E69FC48914327E14001E8185 /* NSDictionary_JSONExtensions.h */,
				E69FC48A14327E14001E8185 /* NSDictionary_JSONExtensions.m */,
				E69FC48414327E01001E8185 /* CDataScanner.h */,
				E69FC48514327E01001E8185 /* CDataScanner.m */,
				E69FC47A14327D6F001E8185 /* CJSONDeserializer.h */,
				E69FC47B14327D6F001E8185 /* CJSONDeserializer.m */,
				E69FC47C14327D6F001E8185 /* CJSONScanner.h */,
				E69FC47D14327D6F001E8185 /* CJSONScanner.m */,
				E69FC47E14327D6F001E8185 /* CJSONSerializer.h */,
				E69FC47F14327D6F001E8185 /* CJSONSerializer.m */,
				E69FC48014327D6F001E8185 /* JSONRepresentation.h */,
			);
			name = json;
			sourceTree = "<group>";
		};
		E6BADD8E1438B6DD002BEF0D /* Products */ = {
			isa = PBXGroup;
			children = (
				E6BADD961438B6DE002BEF0D /* libZXingWidget.a */,
				E6BADD981438B6DE002BEF0D /* ZXingTests.octest */,
			);
			name = Products;
			sourceTree = "<group>";
		};
/* End PBXGroup section */

/* Begin PBXNativeTarget section */
		E69FC3D014325CF8001E8185 /* Kontrafaktunet */ = {
			isa = PBXNativeTarget;
			buildConfigurationList = E69FC3F214325CF8001E8185 /* Build configuration list for PBXNativeTarget "Kontrafaktunet" */;
			buildPhases = (
				E69FC3CD14325CF8001E8185 /* Sources */,
				E69FC3CE14325CF8001E8185 /* Frameworks */,
				E69FC3CF14325CF8001E8185 /* Resources */,
			);
			buildRules = (
			);
			dependencies = (
				E6BADD9A1438B6E5002BEF0D /* PBXTargetDependency */,
			);
			name = Kontrafaktunet;
			productName = Kontrafaktunet;
			productReference = E69FC3D114325CF8001E8185 /* Kontrafaktunet.app */;
			productType = "com.apple.product-type.application";
		};
/* End PBXNativeTarget section */

/* Begin PBXProject section */
		E69FC3C814325CF8001E8185 /* Project object */ = {
			isa = PBXProject;
			buildConfigurationList = E69FC3CB14325CF8001E8185 /* Build configuration list for PBXProject "Kontrafaktunet" */;
			compatibilityVersion = "Xcode 3.2";
			developmentRegion = English;
			hasScannedForEncodings = 0;
			knownRegions = (
				en,
			);
			mainGroup = E69FC3C614325CF8001E8185;
			productRefGroup = E69FC3D214325CF8001E8185 /* Products */;
			projectDirPath = "";
			projectReferences = (
				{
					ProductGroup = E6BADD8E1438B6DD002BEF0D /* Products */;
					ProjectRef = E6BADD8D1438B6DD002BEF0D /* ZXingWidget.xcodeproj */;
				},
			);
			projectRoot = "";
			targets = (
				E69FC3D014325CF8001E8185 /* Kontrafaktunet */,
			);
		};
/* End PBXProject section */

/* Begin PBXReferenceProxy section */
		E6BADD961438B6DE002BEF0D /* libZXingWidget.a */ = {
			isa = PBXReferenceProxy;
			fileType = archive.ar;
			path = libZXingWidget.a;
			remoteRef = E6BADD951438B6DE002BEF0D /* PBXContainerItemProxy */;
			sourceTree = BUILT_PRODUCTS_DIR;
		};
		E6BADD981438B6DE002BEF0D /* ZXingTests.octest */ = {
			isa = PBXReferenceProxy;
			fileType = wrapper.cfbundle;
			path = ZXingTests.octest;
			remoteRef = E6BADD971438B6DE002BEF0D /* PBXContainerItemProxy */;
			sourceTree = BUILT_PRODUCTS_DIR;
		};
/* End PBXReferenceProxy section */

/* Begin PBXResourcesBuildPhase section */
		E69FC3CF14325CF8001E8185 /* Resources */ = {
			isa = PBXResourcesBuildPhase;
			buildActionMask = 2147483647;
			files = (
				E69FC3E014325CF8001E8185 /* InfoPlist.strings in Resources */,
				E69FC3E914325CF8001E8185 /* MainWindow.xib in Resources */,
				E69FC3EF14325CF8001E8185 /* RootViewController.xib in Resources */,
				E69FC3F814325D27001E8185 /* Default.png in Resources */,
				E69FC3FE1432630C001E8185 /* check-button.png in Resources */,
				E69FC40514326783001E8185 /* checking-button.png in Resources */,
				E69FC4C814339E9C001E8185 /* InfoController.xib in Resources */,
				E62C30D41433C01B005985B8 /* WebViewController.xib in Resources */,
				E6868AFF1434E32400AE008D /* back-button.png in Resources */,
				E6868B001434E32400AE008D /* check-bg.png in Resources */,
				E6868B011434E32400AE008D /* checked-bg.png in Resources */,
				E6868B021434E32400AE008D /* checkother-button.png in Resources */,
				E6868B031434E32400AE008D /* fake-bg.png in Resources */,
				E6868B041434E32400AE008D /* info-button.png in Resources */,
				E6868B051434E32400AE008D /* infoscreen-bg.png in Resources */,
				E6868B061434E32400AE008D /* rootscreen-bg.png in Resources */,
				E62C9A641438868C001C2264 /* camera.png in Resources */,
			);
			runOnlyForDeploymentPostprocessing = 0;
		};
/* End PBXResourcesBuildPhase section */

/* Begin PBXSourcesBuildPhase section */
		E69FC3CD14325CF8001E8185 /* Sources */ = {
			isa = PBXSourcesBuildPhase;
			buildActionMask = 2147483647;
			files = (
				E69FC3E314325CF8001E8185 /* main.m in Sources */,
				E69FC3E614325CF8001E8185 /* KontrafaktunetAppDelegate.m in Sources */,
				E69FC3EC14325CF8001E8185 /* RootViewController.mm in Sources */,
				E69FC41414326B6E001E8185 /* NSError+REST.m in Sources */,
				E69FC41514326B6E001E8185 /* NSString+Web.m in Sources */,
				E69FC41614326B6E001E8185 /* RESTService.m in Sources */,
				E69FC41714326B6E001E8185 /* WebParams.m in Sources */,
				E69FC42014326CB0001E8185 /* NSObject+Utils.m in Sources */,
				E69FC42314326CBB001E8185 /* NSData+Base64.m in Sources */,
				E69FC42614326CCA001E8185 /* UIAlertView+Utils.m in Sources */,
				E69FC42914326D35001E8185 /* FileUpload.m in Sources */,
				E69FC44314326F3D001E8185 /* AsyncCallback.m in Sources */,
				E69FC44414326F3D001E8185 /* AsyncObject.m in Sources */,
				E69FC44514326F3D001E8185 /* BlockingAsyncCallback.m in Sources */,
				E69FC44614326F3D001E8185 /* Callback.m in Sources */,
				E69FC44714326F3D001E8185 /* CompositeBlockingView.m in Sources */,
				E69FC44814326F3D001E8185 /* UIBlocker.m in Sources */,
				E69FC44914326F3D001E8185 /* UIBlockingAsyncObject.m in Sources */,
				E69FC44C14327089001E8185 /* NSInvocation+Utils.m in Sources */,
				E69FC44F14327099001E8185 /* NSError+Utils.m in Sources */,
				E69FC452143270A6001E8185 /* NSObject+Invocation.m in Sources */,
				E69FC4551432742B001E8185 /* CGGeometry+Utils.m in Sources */,
				E69FC48114327D6F001E8185 /* CJSONDeserializer.m in Sources */,
				E69FC48214327D6F001E8185 /* CJSONScanner.m in Sources */,
				E69FC48314327D6F001E8185 /* CJSONSerializer.m in Sources */,
				E69FC48614327E01001E8185 /* CDataScanner.m in Sources */,
				E69FC48B14327E14001E8185 /* CDataScanner_Extensions.m in Sources */,
				E69FC48C14327E14001E8185 /* NSDictionary_JSONExtensions.m in Sources */,
				E69FC4C714339E9C001E8185 /* InfoController.m in Sources */,
				E62C30AD1433B360005985B8 /* PagerController.m in Sources */,
				E62C30D31433C01B005985B8 /* WebViewController.m in Sources */,
				E6868B091434E8B200AE008D /* KeyboardAvoider.m in Sources */,
				E6868B0C1434E92900AE008D /* UIApplication+Utils.m in Sources */,
				E6868B101434E9A400AE008D /* KontrafactCheckingController.m in Sources */,
			);
			runOnlyForDeploymentPostprocessing = 0;
		};
/* End PBXSourcesBuildPhase section */

/* Begin PBXTargetDependency section */
		E6BADD9A1438B6E5002BEF0D /* PBXTargetDependency */ = {
			isa = PBXTargetDependency;
			name = ZXingWidget;
			targetProxy = E6BADD991438B6E5002BEF0D /* PBXContainerItemProxy */;
		};
/* End PBXTargetDependency section */

/* Begin PBXVariantGroup section */
		E69FC3DE14325CF8001E8185 /* InfoPlist.strings */ = {
			isa = PBXVariantGroup;
			children = (
				E69FC3DF14325CF8001E8185 /* en */,
			);
			name = InfoPlist.strings;
			sourceTree = "<group>";
		};
		E69FC3E714325CF8001E8185 /* MainWindow.xib */ = {
			isa = PBXVariantGroup;
			children = (
				E69FC3E814325CF8001E8185 /* en */,
			);
			name = MainWindow.xib;
			sourceTree = "<group>";
		};
		E69FC3ED14325CF8001E8185 /* RootViewController.xib */ = {
			isa = PBXVariantGroup;
			children = (
				E69FC3EE14325CF8001E8185 /* en */,
			);
			name = RootViewController.xib;
			sourceTree = "<group>";
		};
/* End PBXVariantGroup section */

/* Begin XCBuildConfiguration section */
		E69FC3F014325CF8001E8185 /* Debug */ = {
			isa = XCBuildConfiguration;
			buildSettings = {
				ARCHS = "$(ARCHS_STANDARD_32_BIT)";
				"CODE_SIGN_IDENTITY[sdk=iphoneos*]" = "iPhone Developer";
				GCC_C_LANGUAGE_STANDARD = gnu99;
				GCC_OPTIMIZATION_LEVEL = 0;
				GCC_PREPROCESSOR_DEFINITIONS = DEBUG;
				GCC_SYMBOLS_PRIVATE_EXTERN = NO;
				GCC_VERSION = com.apple.compilers.llvmgcc42;
				GCC_WARN_ABOUT_RETURN_TYPE = YES;
				GCC_WARN_UNUSED_VARIABLE = YES;
				IPHONEOS_DEPLOYMENT_TARGET = 4.3;
				SDKROOT = iphoneos;
			};
			name = Debug;
		};
		E69FC3F114325CF8001E8185 /* Release */ = {
			isa = XCBuildConfiguration;
			buildSettings = {
				ARCHS = "$(ARCHS_STANDARD_32_BIT)";
				"CODE_SIGN_IDENTITY[sdk=iphoneos*]" = "iPhone Developer";
				GCC_C_LANGUAGE_STANDARD = gnu99;
				GCC_VERSION = com.apple.compilers.llvmgcc42;
				GCC_WARN_ABOUT_RETURN_TYPE = YES;
				GCC_WARN_UNUSED_VARIABLE = YES;
				IPHONEOS_DEPLOYMENT_TARGET = 4.3;
				OTHER_CFLAGS = "-DNS_BLOCK_ASSERTIONS=1";
				SDKROOT = iphoneos;
			};
			name = Release;
		};
		E69FC3F314325CF8001E8185 /* Debug */ = {
			isa = XCBuildConfiguration;
			buildSettings = {
				ALWAYS_SEARCH_USER_PATHS = NO;
				COPY_PHASE_STRIP = NO;
				GCC_DYNAMIC_NO_PIC = NO;
				GCC_PRECOMPILE_PREFIX_HEADER = YES;
				GCC_PREFIX_HEADER = "Kontrafaktunet/Kontrafaktunet-Prefix.pch";
				HEADER_SEARCH_PATHS = (
					"zxing/iphone/ZXingWidget/Classes/**",
					zxing/cpp/core/src/,
				);
				INFOPLIST_FILE = "Kontrafaktunet/Kontrafaktunet-Info.plist";
				LIBRARY_SEARCH_PATHS = (
					"$(inherited)",
					"\"$(SRCROOT)\"",
				);
				PRODUCT_NAME = "$(TARGET_NAME)";
				WRAPPER_EXTENSION = app;
			};
			name = Debug;
		};
		E69FC3F414325CF8001E8185 /* Release */ = {
			isa = XCBuildConfiguration;
			buildSettings = {
				ALWAYS_SEARCH_USER_PATHS = NO;
				COPY_PHASE_STRIP = YES;
				GCC_PRECOMPILE_PREFIX_HEADER = YES;
				GCC_PREFIX_HEADER = "Kontrafaktunet/Kontrafaktunet-Prefix.pch";
				HEADER_SEARCH_PATHS = (
					"zxing/iphone/ZXingWidget/Classes/**",
					zxing/cpp/core/src/,
				);
				INFOPLIST_FILE = "Kontrafaktunet/Kontrafaktunet-Info.plist";
				LIBRARY_SEARCH_PATHS = (
					"$(inherited)",
					"\"$(SRCROOT)\"",
				);
				PRODUCT_NAME = "$(TARGET_NAME)";
				VALIDATE_PRODUCT = YES;
				WRAPPER_EXTENSION = app;
			};
			name = Release;
		};
/* End XCBuildConfiguration section */

/* Begin XCConfigurationList section */
		E69FC3CB14325CF8001E8185 /* Build configuration list for PBXProject "Kontrafaktunet" */ = {
			isa = XCConfigurationList;
			buildConfigurations = (
				E69FC3F014325CF8001E8185 /* Debug */,
				E69FC3F114325CF8001E8185 /* Release */,
			);
			defaultConfigurationIsVisible = 0;
			defaultConfigurationName = Release;
		};
		E69FC3F214325CF8001E8185 /* Build configuration list for PBXNativeTarget "Kontrafaktunet" */ = {
			isa = XCConfigurationList;
			buildConfigurations = (
				E69FC3F314325CF8001E8185 /* Debug */,
				E69FC3F414325CF8001E8185 /* Release */,
			);
			defaultConfigurationIsVisible = 0;
			defaultConfigurationName = Release;
		};
/* End XCConfigurationList section */
	};
	rootObject = E69FC3C814325CF8001E8185 /* Project object */;
}
